
Microsoft Visual Studio Solution File, Format Version 12.00
# Visual Studio Version 16
VisualStudioVersion = 16.0.30503.244
MinimumVisualStudioVersion = 10.0.40219.1
Project("{FAE04EC0-301F-11D3-BF4B-00C04F79EFBC}") = "Dev.Loja.carros", "Dev.Loja.carros\Dev.Loja.carros.csproj", "{DC5D591A-7376-4780-9F05-695F343D8EA6}"
EndProject
Global
	GlobalSection(SolutionConfigurationPlatforms) = preSolution
		Debug|Any CPU = Debug|Any CPU
		Release|Any CPU = Release|Any CPU
	EndGlobalSection
	GlobalSection(ProjectConfigurationPlatforms) = postSolution
		{DC5D591A-7376-4780-9F05-695F343D8EA6}.Debug|Any CPU.ActiveCfg = Debug|Any CPU
		{DC5D591A-7376-4780-9F05-695F343D8EA6}.Debug|Any CPU.Build.0 = Debug|Any CPU
		{DC5D591A-7376-4780-9F05-695F343D8EA6}.Release|Any CPU.ActiveCfg = Release|Any CPU
		{DC5D591A-7376-4780-9F05-695F343D8EA6}.Release|Any CPU.Build.0 = Release|Any CPU
	EndGlobalSection
	GlobalSection(SolutionProperties) = preSolution
		HideSolutionNode = FALSE
	EndGlobalSection
	GlobalSection(ExtensibilityGlobals) = postSolution
		SolutionGuid = {DA7D31A2-02FA-45E2-9566-5294788A63F5}
	EndGlobalSection
EndGlobal
